// !$*UTF8*$!
{
	archiveVersion = 1;
	classes = {
	};
	objectVersion = 77;
	objects = {

/* Begin PBXBuildFile section */
		2F3671B12D3D6A9E0048D9AD /* Color+.swift in Sources */ = {isa = PBXBuildFile; fileRef = 2F3671B02D3D6A9E0048D9AD /* Color+.swift */; };
		2F3671B32D3D6B660048D9AD /* Gradient+.swift in Sources */ = {isa = PBXBuildFile; fileRef = 2F3671B22D3D6B660048D9AD /* Gradient+.swift */; };
		2F3671BF2D3D751E0048D9AD /* Neptune.usdz in Resources */ = {isa = PBXBuildFile; fileRef = 2F3671BA2D3D751E0048D9AD /* Neptune.usdz */; };
		2F3671C02D3D751E0048D9AD /* Uranus.usdz in Resources */ = {isa = PBXBuildFile; fileRef = 2F3671BD2D3D751E0048D9AD /* Uranus.usdz */; };
		2F3671C12D3D751E0048D9AD /* Mars.usdz in Resources */ = {isa = PBXBuildFile; fileRef = 2F3671B82D3D751E0048D9AD /* Mars.usdz */; };
		2F3671C22D3D751E0048D9AD /* Venus.usdz in Resources */ = {isa = PBXBuildFile; fileRef = 2F3671BE2D3D751E0048D9AD /* Venus.usdz */; };
		2F3671C92D3D76ED0048D9AD /* SpaceCoordinator.swift in Sources */ = {isa = PBXBuildFile; fileRef = 2F3671C82D3D76ED0048D9AD /* SpaceCoordinator.swift */; };
		2F3671CB2D3D78000048D9AD /* GradientBorderContainer.swift in Sources */ = {isa = PBXBuildFile; fileRef = 2F3671CA2D3D78000048D9AD /* GradientBorderContainer.swift */; };
		2F3671CD2D3D7A150048D9AD /* Logger.swift in Sources */ = {isa = PBXBuildFile; fileRef = 2F3671CC2D3D7A150048D9AD /* Logger.swift */; };
		2F3671CF2D3D7A660048D9AD /* MainView.swift in Sources */ = {isa = PBXBuildFile; fileRef = 2F3671CE2D3D7A660048D9AD /* MainView.swift */; };
		2F3671D12D3D7AF90048D9AD /* MainViewModel.swift in Sources */ = {isa = PBXBuildFile; fileRef = 2F3671D02D3D7AF90048D9AD /* MainViewModel.swift */; };
		2F3671D32D3D7BFC0048D9AD /* AddMemoryButton.swift in Sources */ = {isa = PBXBuildFile; fileRef = 2F3671D22D3D7BFC0048D9AD /* AddMemoryButton.swift */; };
		2F3671D52D3D7C3C0048D9AD /* ErrorBannerView.swift in Sources */ = {isa = PBXBuildFile; fileRef = 2F3671D42D3D7C3C0048D9AD /* ErrorBannerView.swift */; };
		2F3671D72D3D7C730048D9AD /* MainTabButton.swift in Sources */ = {isa = PBXBuildFile; fileRef = 2F3671D62D3D7C730048D9AD /* MainTabButton.swift */; };
		2F3671E12D3D946C0048D9AD /* Memory.swift in Sources */ = {isa = PBXBuildFile; fileRef = 2F3671E02D3D946C0048D9AD /* Memory.swift */; };
		2F3671E92D3D9A470048D9AD /* Category.swift in Sources */ = {isa = PBXBuildFile; fileRef = 2F3671E82D3D9A470048D9AD /* Category.swift */; };
		2F3671EB2D3D9A8C0048D9AD /* UserProfile.swift in Sources */ = {isa = PBXBuildFile; fileRef = 2F3671EA2D3D9A8C0048D9AD /* UserProfile.swift */; };
		2F3671F72D3DA1990048D9AD /* Auth in Frameworks */ = {isa = PBXBuildFile; productRef = 2F3671F62D3DA1990048D9AD /* Auth */; };
		2F3671F92D3DA1990048D9AD /* Functions in Frameworks */ = {isa = PBXBuildFile; productRef = 2F3671F82D3DA1990048D9AD /* Functions */; };
		2F3671FB2D3DA1990048D9AD /* PostgREST in Frameworks */ = {isa = PBXBuildFile; productRef = 2F3671FA2D3DA1990048D9AD /* PostgREST */; };
		2F3671FD2D3DA1990048D9AD /* Realtime in Frameworks */ = {isa = PBXBuildFile; productRef = 2F3671FC2D3DA1990048D9AD /* Realtime */; };
		2F3671FF2D3DA1990048D9AD /* Storage in Frameworks */ = {isa = PBXBuildFile; productRef = 2F3671FE2D3DA1990048D9AD /* Storage */; };
		2F3672012D3DA1990048D9AD /* Supabase in Frameworks */ = {isa = PBXBuildFile; productRef = 2F3672002D3DA1990048D9AD /* Supabase */; };
		2F3672032D3DA1F00048D9AD /* MemoryRepository.swift in Sources */ = {isa = PBXBuildFile; fileRef = 2F3672022D3DA1F00048D9AD /* MemoryRepository.swift */; };
		2F3672052D3DA2FE0048D9AD /* FetchMemoriesUseCase.swift in Sources */ = {isa = PBXBuildFile; fileRef = 2F3672042D3DA2FE0048D9AD /* FetchMemoriesUseCase.swift */; };
		2F3672072D3DA3170048D9AD /* CreateMemoryUseCase.swift in Sources */ = {isa = PBXBuildFile; fileRef = 2F3672062D3DA3170048D9AD /* CreateMemoryUseCase.swift */; };
		2F3672092D3DA32B0048D9AD /* DeleteMemoryUseCase.swift in Sources */ = {isa = PBXBuildFile; fileRef = 2F3672082D3DA32B0048D9AD /* DeleteMemoryUseCase.swift */; };
		2F36720B2D3DA3F20048D9AD /* Config.swift in Sources */ = {isa = PBXBuildFile; fileRef = 2F36720A2D3DA3F20048D9AD /* Config.swift */; };
		2F36720F2D3DAA6E0048D9AD /* ConstellationBackGroundEntity.swift in Sources */ = {isa = PBXBuildFile; fileRef = 2F36720E2D3DAA6E0048D9AD /* ConstellationBackGroundEntity.swift */; };
		2F3672112D3DAAA40048D9AD /* ConstellationSpaceEntity.swift in Sources */ = {isa = PBXBuildFile; fileRef = 2F3672102D3DAAA40048D9AD /* ConstellationSpaceEntity.swift */; };
		2F3672132D3DAAD00048D9AD /* MemoryStarEntity.swift in Sources */ = {isa = PBXBuildFile; fileRef = 2F3672122D3DAAD00048D9AD /* MemoryStarEntity.swift */; };
		2F3672152D3DAAF20048D9AD /* SpaceBackgroundEntity.swift in Sources */ = {isa = PBXBuildFile; fileRef = 2F3672142D3DAAF20048D9AD /* SpaceBackgroundEntity.swift */; };
		2F3672172D3DAB120048D9AD /* SpaceEntity.swift in Sources */ = {isa = PBXBuildFile; fileRef = 2F3672162D3DAB120048D9AD /* SpaceEntity.swift */; };
		2F36721A2D3E19A30048D9AD /* GalaxyView.swift in Sources */ = {isa = PBXBuildFile; fileRef = 2F3672192D3E19A30048D9AD /* GalaxyView.swift */; };
		2F36721C2D3E1A030048D9AD /* ExploreView.swift in Sources */ = {isa = PBXBuildFile; fileRef = 2F36721B2D3E1A030048D9AD /* ExploreView.swift */; };
		2F3672202D3E1C2F0048D9AD /* LoginView.swift in Sources */ = {isa = PBXBuildFile; fileRef = 2F36721F2D3E1C2F0048D9AD /* LoginView.swift */; };
		2F3672222D3E1E410048D9AD /* LoginViewModel.swift in Sources */ = {isa = PBXBuildFile; fileRef = 2F3672212D3E1E410048D9AD /* LoginViewModel.swift */; };
		2F3672252D3E35110048D9AD /* AuthRepositoryProtocol.swift in Sources */ = {isa = PBXBuildFile; fileRef = 2F3672242D3E35110048D9AD /* AuthRepositoryProtocol.swift */; };
		2F3672272D3E35310048D9AD /* AuthRepository.swift in Sources */ = {isa = PBXBuildFile; fileRef = 2F3672262D3E35310048D9AD /* AuthRepository.swift */; };
		2F36722A2D3E35670048D9AD /* SignInWithAppleUseCase.swift in Sources */ = {isa = PBXBuildFile; fileRef = 2F3672292D3E35670048D9AD /* SignInWithAppleUseCase.swift */; };
		2F36722C2D3E35750048D9AD /* SignOutUseCase.swift in Sources */ = {isa = PBXBuildFile; fileRef = 2F36722B2D3E35750048D9AD /* SignOutUseCase.swift */; };
		2F36722E2D3E35830048D9AD /* DeleteAccountUseCase.swift in Sources */ = {isa = PBXBuildFile; fileRef = 2F36722D2D3E35830048D9AD /* DeleteAccountUseCase.swift */; };
		2F3672322D3E650B0048D9AD /* HeaderView.swift in Sources */ = {isa = PBXBuildFile; fileRef = 2F3672312D3E650B0048D9AD /* HeaderView.swift */; };
		2F3672342D3E652C0048D9AD /* ErrorOvelayView.swift in Sources */ = {isa = PBXBuildFile; fileRef = 2F3672332D3E652C0048D9AD /* ErrorOvelayView.swift */; };
		2F3672362D4111130048D9AD /* NavigationBar.swift in Sources */ = {isa = PBXBuildFile; fileRef = 2F3672352D4111130048D9AD /* NavigationBar.swift */; };
		2F510CE02D413489004171E8 /* Screen.swift in Sources */ = {isa = PBXBuildFile; fileRef = 2F510CDF2D413489004171E8 /* Screen.swift */; };
		2F510CE22D4134EE004171E8 /* AddMemoryContentView.swift in Sources */ = {isa = PBXBuildFile; fileRef = 2F510CE12D4134EE004171E8 /* AddMemoryContentView.swift */; };
		2F510CE62D4135D3004171E8 /* AddMemoryMainView.swift in Sources */ = {isa = PBXBuildFile; fileRef = 2F510CE52D4135D3004171E8 /* AddMemoryMainView.swift */; };
		2F510CE82D413607004171E8 /* AddMemoryDoneView.swift in Sources */ = {isa = PBXBuildFile; fileRef = 2F510CE72D413607004171E8 /* AddMemoryDoneView.swift */; };
		2F510CEA2D41449A004171E8 /* AddMemoryMainViewModel.swift in Sources */ = {isa = PBXBuildFile; fileRef = 2F510CE92D41449A004171E8 /* AddMemoryMainViewModel.swift */; };
		2F510CEC2D414971004171E8 /* MediaRepository.swift in Sources */ = {isa = PBXBuildFile; fileRef = 2F510CEB2D414971004171E8 /* MediaRepository.swift */; };
		2F510CEE2D416532004171E8 /* CategoryButton.swift in Sources */ = {isa = PBXBuildFile; fileRef = 2F510CED2D416532004171E8 /* CategoryButton.swift */; };
		2F8800BA2D38CE6800220F89 /* AppModel.swift in Sources */ = {isa = PBXBuildFile; fileRef = 2F8800B22D38CE6800220F89 /* AppModel.swift */; };
		2F8800BB2D38CE6800220F89 /* CelestoriaApp.swift in Sources */ = {isa = PBXBuildFile; fileRef = 2F8800B42D38CE6800220F89 /* CelestoriaApp.swift */; };
		2F8800BC2D38CE6800220F89 /* ContentView.swift in Sources */ = {isa = PBXBuildFile; fileRef = 2F8800B52D38CE6800220F89 /* ContentView.swift */; };
		2F8800BD2D38CE6800220F89 /* SpaceImmersiveView.swift in Sources */ = {isa = PBXBuildFile; fileRef = 2F8800B62D38CE6800220F89 /* SpaceImmersiveView.swift */; };
		2F8800BF2D38CE6800220F89 /* Preview Assets.xcassets in Resources */ = {isa = PBXBuildFile; fileRef = 2F8800B02D38CE6800220F89 /* Preview Assets.xcassets */; };
		2F8800C02D38CE6800220F89 /* Assets.xcassets in Resources */ = {isa = PBXBuildFile; fileRef = 2F8800B32D38CE6800220F89 /* Assets.xcassets */; };
		2F8800C42D38D3AE00220F89 /* DIContainer.swift in Sources */ = {isa = PBXBuildFile; fileRef = 2F8800C32D38D3AE00220F89 /* DIContainer.swift */; };
		2FB501D32D454FA3005FB0B6 /* GalaxyViewModel.swift in Sources */ = {isa = PBXBuildFile; fileRef = 2FB501D22D454FA3005FB0B6 /* GalaxyViewModel.swift */; };
		2FB501D52D455130005FB0B6 /* NavigationMenuButton.swift in Sources */ = {isa = PBXBuildFile; fileRef = 2FB501D42D455130005FB0B6 /* NavigationMenuButton.swift */; };
		2FB501D82D45577D005FB0B6 /* StarField.swift in Sources */ = {isa = PBXBuildFile; fileRef = 2FB501D72D45577D005FB0B6 /* StarField.swift */; };
		2FB501DC2D456280005FB0B6 /* MainButton.swift in Sources */ = {isa = PBXBuildFile; fileRef = 2FB501DB2D456280005FB0B6 /* MainButton.swift */; };
		2FB501E02D4655D9005FB0B6 /* ExploreUserCardItem.swift in Sources */ = {isa = PBXBuildFile; fileRef = 2FB501DF2D4655D9005FB0B6 /* ExploreUserCardItem.swift */; };
		2FE857F72D43425B0055902B /* PopupView.swift in Sources */ = {isa = PBXBuildFile; fileRef = 2FE857F62D43425B0055902B /* PopupView.swift */; };
		2FE857F92D4344740055902B /* CircularButton.swift in Sources */ = {isa = PBXBuildFile; fileRef = 2FE857F82D4344740055902B /* CircularButton.swift */; };
		2FE857FF2D434ABA0055902B /* PopupData.swift in Sources */ = {isa = PBXBuildFile; fileRef = 2FE857FE2D434ABA0055902B /* PopupData.swift */; };
		2FE858032D437BF20055902B /* VisualEffectBlur.swift in Sources */ = {isa = PBXBuildFile; fileRef = 2FE858022D437BF20055902B /* VisualEffectBlur.swift */; };
		2FE858052D43D3980055902B /* TextField+.swift in Sources */ = {isa = PBXBuildFile; fileRef = 2FE858042D43D3980055902B /* TextField+.swift */; };
		A21E477E2D38CD55002B60FA /* RealityKitContent in Frameworks */ = {isa = PBXBuildFile; productRef = A21E477D2D38CD55002B60FA /* RealityKitContent */; };
		A2B8DB412D42AEC7001B5663 /* MemoryDetailView.swift in Sources */ = {isa = PBXBuildFile; fileRef = A2B8DB402D42AEC7001B5663 /* MemoryDetailView.swift */; };
		A2B8DB782D42B409001B5663 /* CelestoriaVideoPlayerView.swift in Sources */ = {isa = PBXBuildFile; fileRef = A2B8DB772D42B409001B5663 /* CelestoriaVideoPlayerView.swift */; };
		A2B8DB832D43FA0C001B5663 /* SettingView.swift in Sources */ = {isa = PBXBuildFile; fileRef = A2B8DB822D43FA0C001B5663 /* SettingView.swift */; };
		A2B8DB852D440536001B5663 /* SettingViewModel.swift in Sources */ = {isa = PBXBuildFile; fileRef = A2B8DB842D440536001B5663 /* SettingViewModel.swift */; };
/* End PBXBuildFile section */

/* Begin PBXFileReference section */
		2F3671B02D3D6A9E0048D9AD /* Color+.swift */ = {isa = PBXFileReference; lastKnownFileType = sourcecode.swift; path = "Color+.swift"; sourceTree = "<group>"; };
		2F3671B22D3D6B660048D9AD /* Gradient+.swift */ = {isa = PBXFileReference; lastKnownFileType = sourcecode.swift; path = "Gradient+.swift"; sourceTree = "<group>"; };
		2F3671B82D3D751E0048D9AD /* Mars.usdz */ = {isa = PBXFileReference; lastKnownFileType = file; path = Mars.usdz; sourceTree = "<group>"; };
		2F3671BA2D3D751E0048D9AD /* Neptune.usdz */ = {isa = PBXFileReference; lastKnownFileType = file; path = Neptune.usdz; sourceTree = "<group>"; };
		2F3671BD2D3D751E0048D9AD /* Uranus.usdz */ = {isa = PBXFileReference; lastKnownFileType = file; path = Uranus.usdz; sourceTree = "<group>"; };
		2F3671BE2D3D751E0048D9AD /* Venus.usdz */ = {isa = PBXFileReference; lastKnownFileType = file; path = Venus.usdz; sourceTree = "<group>"; };
		2F3671C82D3D76ED0048D9AD /* SpaceCoordinator.swift */ = {isa = PBXFileReference; lastKnownFileType = sourcecode.swift; path = SpaceCoordinator.swift; sourceTree = "<group>"; };
		2F3671CA2D3D78000048D9AD /* GradientBorderContainer.swift */ = {isa = PBXFileReference; lastKnownFileType = sourcecode.swift; path = GradientBorderContainer.swift; sourceTree = "<group>"; };
		2F3671CC2D3D7A150048D9AD /* Logger.swift */ = {isa = PBXFileReference; lastKnownFileType = sourcecode.swift; path = Logger.swift; sourceTree = "<group>"; };
		2F3671CE2D3D7A660048D9AD /* MainView.swift */ = {isa = PBXFileReference; lastKnownFileType = sourcecode.swift; path = MainView.swift; sourceTree = "<group>"; };
		2F3671D02D3D7AF90048D9AD /* MainViewModel.swift */ = {isa = PBXFileReference; lastKnownFileType = sourcecode.swift; path = MainViewModel.swift; sourceTree = "<group>"; };
		2F3671D22D3D7BFC0048D9AD /* AddMemoryButton.swift */ = {isa = PBXFileReference; lastKnownFileType = sourcecode.swift; path = AddMemoryButton.swift; sourceTree = "<group>"; };
		2F3671D42D3D7C3C0048D9AD /* ErrorBannerView.swift */ = {isa = PBXFileReference; lastKnownFileType = sourcecode.swift; path = ErrorBannerView.swift; sourceTree = "<group>"; };
		2F3671D62D3D7C730048D9AD /* MainTabButton.swift */ = {isa = PBXFileReference; lastKnownFileType = sourcecode.swift; path = MainTabButton.swift; sourceTree = "<group>"; };
		2F3671E02D3D946C0048D9AD /* Memory.swift */ = {isa = PBXFileReference; lastKnownFileType = sourcecode.swift; path = Memory.swift; sourceTree = "<group>"; };
		2F3671E82D3D9A470048D9AD /* Category.swift */ = {isa = PBXFileReference; lastKnownFileType = sourcecode.swift; path = Category.swift; sourceTree = "<group>"; };
		2F3671EA2D3D9A8C0048D9AD /* UserProfile.swift */ = {isa = PBXFileReference; lastKnownFileType = sourcecode.swift; path = UserProfile.swift; sourceTree = "<group>"; };
		2F3672022D3DA1F00048D9AD /* MemoryRepository.swift */ = {isa = PBXFileReference; lastKnownFileType = sourcecode.swift; path = MemoryRepository.swift; sourceTree = "<group>"; };
		2F3672042D3DA2FE0048D9AD /* FetchMemoriesUseCase.swift */ = {isa = PBXFileReference; lastKnownFileType = sourcecode.swift; path = FetchMemoriesUseCase.swift; sourceTree = "<group>"; };
		2F3672062D3DA3170048D9AD /* CreateMemoryUseCase.swift */ = {isa = PBXFileReference; lastKnownFileType = sourcecode.swift; path = CreateMemoryUseCase.swift; sourceTree = "<group>"; };
		2F3672082D3DA32B0048D9AD /* DeleteMemoryUseCase.swift */ = {isa = PBXFileReference; lastKnownFileType = sourcecode.swift; path = DeleteMemoryUseCase.swift; sourceTree = "<group>"; };
		2F36720A2D3DA3F20048D9AD /* Config.swift */ = {isa = PBXFileReference; lastKnownFileType = sourcecode.swift; path = Config.swift; sourceTree = "<group>"; };
		2F36720E2D3DAA6E0048D9AD /* ConstellationBackGroundEntity.swift */ = {isa = PBXFileReference; lastKnownFileType = sourcecode.swift; path = ConstellationBackGroundEntity.swift; sourceTree = "<group>"; };
		2F3672102D3DAAA40048D9AD /* ConstellationSpaceEntity.swift */ = {isa = PBXFileReference; lastKnownFileType = sourcecode.swift; path = ConstellationSpaceEntity.swift; sourceTree = "<group>"; };
		2F3672122D3DAAD00048D9AD /* MemoryStarEntity.swift */ = {isa = PBXFileReference; lastKnownFileType = sourcecode.swift; path = MemoryStarEntity.swift; sourceTree = "<group>"; };
		2F3672142D3DAAF20048D9AD /* SpaceBackgroundEntity.swift */ = {isa = PBXFileReference; lastKnownFileType = sourcecode.swift; path = SpaceBackgroundEntity.swift; sourceTree = "<group>"; };
		2F3672162D3DAB120048D9AD /* SpaceEntity.swift */ = {isa = PBXFileReference; lastKnownFileType = sourcecode.swift; path = SpaceEntity.swift; sourceTree = "<group>"; };
		2F3672182D3E14200048D9AD /* Celestoria.entitlements */ = {isa = PBXFileReference; lastKnownFileType = text.plist.entitlements; path = Celestoria.entitlements; sourceTree = "<group>"; };
		2F3672192D3E19A30048D9AD /* GalaxyView.swift */ = {isa = PBXFileReference; lastKnownFileType = sourcecode.swift; path = GalaxyView.swift; sourceTree = "<group>"; };
		2F36721B2D3E1A030048D9AD /* ExploreView.swift */ = {isa = PBXFileReference; lastKnownFileType = sourcecode.swift; path = ExploreView.swift; sourceTree = "<group>"; };
		2F36721F2D3E1C2F0048D9AD /* LoginView.swift */ = {isa = PBXFileReference; lastKnownFileType = sourcecode.swift; path = LoginView.swift; sourceTree = "<group>"; };
		2F3672212D3E1E410048D9AD /* LoginViewModel.swift */ = {isa = PBXFileReference; lastKnownFileType = sourcecode.swift; path = LoginViewModel.swift; sourceTree = "<group>"; };
		2F3672242D3E35110048D9AD /* AuthRepositoryProtocol.swift */ = {isa = PBXFileReference; lastKnownFileType = sourcecode.swift; path = AuthRepositoryProtocol.swift; sourceTree = "<group>"; };
		2F3672262D3E35310048D9AD /* AuthRepository.swift */ = {isa = PBXFileReference; lastKnownFileType = sourcecode.swift; path = AuthRepository.swift; sourceTree = "<group>"; };
		2F3672292D3E35670048D9AD /* SignInWithAppleUseCase.swift */ = {isa = PBXFileReference; lastKnownFileType = sourcecode.swift; path = SignInWithAppleUseCase.swift; sourceTree = "<group>"; };
		2F36722B2D3E35750048D9AD /* SignOutUseCase.swift */ = {isa = PBXFileReference; lastKnownFileType = sourcecode.swift; path = SignOutUseCase.swift; sourceTree = "<group>"; };
		2F36722D2D3E35830048D9AD /* DeleteAccountUseCase.swift */ = {isa = PBXFileReference; lastKnownFileType = sourcecode.swift; path = DeleteAccountUseCase.swift; sourceTree = "<group>"; };
		2F3672312D3E650B0048D9AD /* HeaderView.swift */ = {isa = PBXFileReference; lastKnownFileType = sourcecode.swift; path = HeaderView.swift; sourceTree = "<group>"; };
		2F3672332D3E652C0048D9AD /* ErrorOvelayView.swift */ = {isa = PBXFileReference; lastKnownFileType = sourcecode.swift; path = ErrorOvelayView.swift; sourceTree = "<group>"; };
		2F3672352D4111130048D9AD /* NavigationBar.swift */ = {isa = PBXFileReference; lastKnownFileType = sourcecode.swift; path = NavigationBar.swift; sourceTree = "<group>"; };
		2F510CDF2D413489004171E8 /* Screen.swift */ = {isa = PBXFileReference; lastKnownFileType = sourcecode.swift; path = Screen.swift; sourceTree = "<group>"; };
		2F510CE12D4134EE004171E8 /* AddMemoryContentView.swift */ = {isa = PBXFileReference; lastKnownFileType = sourcecode.swift; path = AddMemoryContentView.swift; sourceTree = "<group>"; };
		2F510CE52D4135D3004171E8 /* AddMemoryMainView.swift */ = {isa = PBXFileReference; lastKnownFileType = sourcecode.swift; path = AddMemoryMainView.swift; sourceTree = "<group>"; };
		2F510CE72D413607004171E8 /* AddMemoryDoneView.swift */ = {isa = PBXFileReference; lastKnownFileType = sourcecode.swift; path = AddMemoryDoneView.swift; sourceTree = "<group>"; };
		2F510CE92D41449A004171E8 /* AddMemoryMainViewModel.swift */ = {isa = PBXFileReference; lastKnownFileType = sourcecode.swift; path = AddMemoryMainViewModel.swift; sourceTree = "<group>"; };
		2F510CEB2D414971004171E8 /* MediaRepository.swift */ = {isa = PBXFileReference; lastKnownFileType = sourcecode.swift; path = MediaRepository.swift; sourceTree = "<group>"; };
		2F510CED2D416532004171E8 /* CategoryButton.swift */ = {isa = PBXFileReference; lastKnownFileType = sourcecode.swift; path = CategoryButton.swift; sourceTree = "<group>"; };
		2F8800B02D38CE6800220F89 /* Preview Assets.xcassets */ = {isa = PBXFileReference; lastKnownFileType = folder.assetcatalog; path = "Preview Assets.xcassets"; sourceTree = "<group>"; };
		2F8800B22D38CE6800220F89 /* AppModel.swift */ = {isa = PBXFileReference; lastKnownFileType = sourcecode.swift; path = AppModel.swift; sourceTree = "<group>"; };
		2F8800B32D38CE6800220F89 /* Assets.xcassets */ = {isa = PBXFileReference; lastKnownFileType = folder.assetcatalog; path = Assets.xcassets; sourceTree = "<group>"; };
		2F8800B42D38CE6800220F89 /* CelestoriaApp.swift */ = {isa = PBXFileReference; lastKnownFileType = sourcecode.swift; path = CelestoriaApp.swift; sourceTree = "<group>"; };
		2F8800B52D38CE6800220F89 /* ContentView.swift */ = {isa = PBXFileReference; lastKnownFileType = sourcecode.swift; path = ContentView.swift; sourceTree = "<group>"; };
		2F8800B62D38CE6800220F89 /* SpaceImmersiveView.swift */ = {isa = PBXFileReference; lastKnownFileType = sourcecode.swift; path = SpaceImmersiveView.swift; sourceTree = "<group>"; };
		2F8800B72D38CE6800220F89 /* Info.plist */ = {isa = PBXFileReference; lastKnownFileType = text.plist.xml; path = Info.plist; sourceTree = "<group>"; };
		2F8800C32D38D3AE00220F89 /* DIContainer.swift */ = {isa = PBXFileReference; lastKnownFileType = sourcecode.swift; path = DIContainer.swift; sourceTree = "<group>"; };
		2FB501D22D454FA3005FB0B6 /* GalaxyViewModel.swift */ = {isa = PBXFileReference; lastKnownFileType = sourcecode.swift; path = GalaxyViewModel.swift; sourceTree = "<group>"; };
		2FB501D42D455130005FB0B6 /* NavigationMenuButton.swift */ = {isa = PBXFileReference; lastKnownFileType = sourcecode.swift; path = NavigationMenuButton.swift; sourceTree = "<group>"; };
		2FB501D72D45577D005FB0B6 /* StarField.swift */ = {isa = PBXFileReference; lastKnownFileType = sourcecode.swift; path = StarField.swift; sourceTree = "<group>"; };
		2FB501DB2D456280005FB0B6 /* MainButton.swift */ = {isa = PBXFileReference; lastKnownFileType = sourcecode.swift; path = MainButton.swift; sourceTree = "<group>"; };
		2FB501DF2D4655D9005FB0B6 /* ExploreUserCardItem.swift */ = {isa = PBXFileReference; lastKnownFileType = sourcecode.swift; path = ExploreUserCardItem.swift; sourceTree = "<group>"; };
		2FE857F62D43425B0055902B /* PopupView.swift */ = {isa = PBXFileReference; lastKnownFileType = sourcecode.swift; path = PopupView.swift; sourceTree = "<group>"; };
		2FE857F82D4344740055902B /* CircularButton.swift */ = {isa = PBXFileReference; lastKnownFileType = sourcecode.swift; path = CircularButton.swift; sourceTree = "<group>"; };
		2FE857FE2D434ABA0055902B /* PopupData.swift */ = {isa = PBXFileReference; lastKnownFileType = sourcecode.swift; path = PopupData.swift; sourceTree = "<group>"; };
		2FE858022D437BF20055902B /* VisualEffectBlur.swift */ = {isa = PBXFileReference; lastKnownFileType = sourcecode.swift; path = VisualEffectBlur.swift; sourceTree = "<group>"; };
		2FE858042D43D3980055902B /* TextField+.swift */ = {isa = PBXFileReference; lastKnownFileType = sourcecode.swift; path = "TextField+.swift"; sourceTree = "<group>"; };
		A21E47782D38CD55002B60FA /* Celestoria.app */ = {isa = PBXFileReference; explicitFileType = wrapper.application; includeInIndex = 0; path = Celestoria.app; sourceTree = BUILT_PRODUCTS_DIR; };
		A21E477C2D38CD55002B60FA /* RealityKitContent */ = {isa = PBXFileReference; lastKnownFileType = wrapper; path = RealityKitContent; sourceTree = "<group>"; };
		A2B8DB402D42AEC7001B5663 /* MemoryDetailView.swift */ = {isa = PBXFileReference; lastKnownFileType = sourcecode.swift; path = MemoryDetailView.swift; sourceTree = "<group>"; };
		A2B8DB772D42B409001B5663 /* CelestoriaVideoPlayerView.swift */ = {isa = PBXFileReference; lastKnownFileType = sourcecode.swift; path = CelestoriaVideoPlayerView.swift; sourceTree = "<group>"; };
		A2B8DB822D43FA0C001B5663 /* SettingView.swift */ = {isa = PBXFileReference; lastKnownFileType = sourcecode.swift; path = SettingView.swift; sourceTree = "<group>"; };
		A2B8DB842D440536001B5663 /* SettingViewModel.swift */ = {isa = PBXFileReference; lastKnownFileType = sourcecode.swift; path = SettingViewModel.swift; sourceTree = "<group>"; };
/* End PBXFileReference section */

/* Begin PBXFrameworksBuildPhase section */
		A21E47752D38CD55002B60FA /* Frameworks */ = {
			isa = PBXFrameworksBuildPhase;
			buildActionMask = 2147483647;
			files = (
				2F3672012D3DA1990048D9AD /* Supabase in Frameworks */,
				2F3671FF2D3DA1990048D9AD /* Storage in Frameworks */,
				2F3671FB2D3DA1990048D9AD /* PostgREST in Frameworks */,
				2F3671F92D3DA1990048D9AD /* Functions in Frameworks */,
				2F3671F72D3DA1990048D9AD /* Auth in Frameworks */,
				2F3671FD2D3DA1990048D9AD /* Realtime in Frameworks */,
				A21E477E2D38CD55002B60FA /* RealityKitContent in Frameworks */,
			);
			runOnlyForDeploymentPostprocessing = 0;
		};
/* End PBXFrameworksBuildPhase section */

/* Begin PBXGroup section */
		2F3671A82D3D61750048D9AD /* ImmersiveViews */ = {
			isa = PBXGroup;
			children = (
				2F8800B62D38CE6800220F89 /* SpaceImmersiveView.swift */,
			);
			path = ImmersiveViews;
			sourceTree = "<group>";
		};
		2F3671A92D3D61880048D9AD /* RegularViews */ = {
			isa = PBXGroup;
			children = (
				2F510CE32D413588004171E8 /* Main */,
				2F510CE42D4135A1004171E8 /* AddMemory */,
			);
			path = RegularViews;
			sourceTree = "<group>";
		};
		2F3671AA2D3D61920048D9AD /* Components */ = {
			isa = PBXGroup;
			children = (
				2F3671CA2D3D78000048D9AD /* GradientBorderContainer.swift */,
				2F3671D22D3D7BFC0048D9AD /* AddMemoryButton.swift */,
				2FE857F82D4344740055902B /* CircularButton.swift */,
				2F3671D42D3D7C3C0048D9AD /* ErrorBannerView.swift */,
				2F3671D62D3D7C730048D9AD /* MainTabButton.swift */,
				2F3672312D3E650B0048D9AD /* HeaderView.swift */,
				2F3672332D3E652C0048D9AD /* ErrorOvelayView.swift */,
				2F3672352D4111130048D9AD /* NavigationBar.swift */,
				2F510CED2D416532004171E8 /* CategoryButton.swift */,
				A2B8DB772D42B409001B5663 /* CelestoriaVideoPlayerView.swift */,
				2FE857F62D43425B0055902B /* PopupView.swift */,
				2FB501D42D455130005FB0B6 /* NavigationMenuButton.swift */,
				2FB501DB2D456280005FB0B6 /* MainButton.swift */,
			);
			path = Components;
			sourceTree = "<group>";
		};
		2F3671AB2D3D61C70048D9AD /* VisionOSUtilities */ = {
			isa = PBXGroup;
			children = (
			);
			path = VisionOSUtilities;
			sourceTree = "<group>";
		};
		2F3671AC2D3D61DD0048D9AD /* RealityKit */ = {
			isa = PBXGroup;
			children = (
				2F3671AE2D3D62070048D9AD /* Entities */,
				2F3671AD2D3D61F40048D9AD /* Scenes */,
				2F3671AF2D3D62120048D9AD /* Interactions */,
			);
			path = RealityKit;
			sourceTree = "<group>";
		};
		2F3671AD2D3D61F40048D9AD /* Scenes */ = {
			isa = PBXGroup;
			children = (
			);
			path = Scenes;
			sourceTree = "<group>";
		};
		2F3671AE2D3D62070048D9AD /* Entities */ = {
			isa = PBXGroup;
			children = (
				2F3671B82D3D751E0048D9AD /* Mars.usdz */,
				2F3671BA2D3D751E0048D9AD /* Neptune.usdz */,
				2F3671BD2D3D751E0048D9AD /* Uranus.usdz */,
				2F3671BE2D3D751E0048D9AD /* Venus.usdz */,
				2F36720E2D3DAA6E0048D9AD /* ConstellationBackGroundEntity.swift */,
				2F3672102D3DAAA40048D9AD /* ConstellationSpaceEntity.swift */,
				2F3672122D3DAAD00048D9AD /* MemoryStarEntity.swift */,
				2F3672142D3DAAF20048D9AD /* SpaceBackgroundEntity.swift */,
				2F3672162D3DAB120048D9AD /* SpaceEntity.swift */,
			);
			path = Entities;
			sourceTree = "<group>";
		};
		2F3671AF2D3D62120048D9AD /* Interactions */ = {
			isa = PBXGroup;
			children = (
			);
			path = Interactions;
			sourceTree = "<group>";
		};
		2F3671B42D3D74810048D9AD /* ViewModels */ = {
			isa = PBXGroup;
			children = (
				2F3671C82D3D76ED0048D9AD /* SpaceCoordinator.swift */,
				2F3671D02D3D7AF90048D9AD /* MainViewModel.swift */,
				2F3672212D3E1E410048D9AD /* LoginViewModel.swift */,
				2F510CE92D41449A004171E8 /* AddMemoryMainViewModel.swift */,
				A2B8DB842D440536001B5663 /* SettingViewModel.swift */,
				2FB501D22D454FA3005FB0B6 /* GalaxyViewModel.swift */,
			);
			path = ViewModels;
			sourceTree = "<group>";
		};
		2F3671B52D3D74940048D9AD /* Views */ = {
			isa = PBXGroup;
			children = (
				2F3671A92D3D61880048D9AD /* RegularViews */,
				2F3671A82D3D61750048D9AD /* ImmersiveViews */,
				2F3671AA2D3D61920048D9AD /* Components */,
			);
			path = Views;
			sourceTree = "<group>";
		};
		2F3672232D3E34EF0048D9AD /* Protocol */ = {
			isa = PBXGroup;
			children = (
				2F3672242D3E35110048D9AD /* AuthRepositoryProtocol.swift */,
			);
			path = Protocol;
			sourceTree = "<group>";
		};
		2F510CE32D413588004171E8 /* Main */ = {
			isa = PBXGroup;
			children = (
				2F8800B52D38CE6800220F89 /* ContentView.swift */,
				2F36721F2D3E1C2F0048D9AD /* LoginView.swift */,
				2F3671CE2D3D7A660048D9AD /* MainView.swift */,
				A2B8DB822D43FA0C001B5663 /* SettingView.swift */,
				2F3672192D3E19A30048D9AD /* GalaxyView.swift */,
				A2B8DB402D42AEC7001B5663 /* MemoryDetailView.swift */,
				2F36721B2D3E1A030048D9AD /* ExploreView.swift */,
			);
			path = Main;
			sourceTree = "<group>";
		};
		2F510CE42D4135A1004171E8 /* AddMemory */ = {
			isa = PBXGroup;
			children = (
				2F510CE12D4134EE004171E8 /* AddMemoryContentView.swift */,
				2F510CE52D4135D3004171E8 /* AddMemoryMainView.swift */,
				2F510CE72D413607004171E8 /* AddMemoryDoneView.swift */,
			);
			path = AddMemory;
			sourceTree = "<group>";
		};
		2F8800B12D38CE6800220F89 /* Preview Content */ = {
			isa = PBXGroup;
			children = (
				2F8800B02D38CE6800220F89 /* Preview Assets.xcassets */,
			);
			path = "Preview Content";
			sourceTree = "<group>";
		};
		2F8800B92D38CE6800220F89 /* Celestoria */ = {
			isa = PBXGroup;
			children = (
				2F3672182D3E14200048D9AD /* Celestoria.entitlements */,
				2F8800C22D38D39C00220F89 /* App */,
				2F8800C82D38D43F00220F89 /* Data */,
				2F8800C52D38D3C300220F89 /* Domain */,
				2F8800CC2D38D47400220F89 /* Presentation */,
				2F8800D42D38D75D00220F89 /* Shared */,
				2F3671AC2D3D61DD0048D9AD /* RealityKit */,
				2F8800B12D38CE6800220F89 /* Preview Content */,
				2F8800B32D38CE6800220F89 /* Assets.xcassets */,
			);
			path = Celestoria;
			sourceTree = "<group>";
		};
		2F8800C22D38D39C00220F89 /* App */ = {
			isa = PBXGroup;
			children = (
				2F8800CD2D38D52600220F89 /* Configuration */,
				2F8800B42D38CE6800220F89 /* CelestoriaApp.swift */,
				2F8800C32D38D3AE00220F89 /* DIContainer.swift */,
				2F8800B22D38CE6800220F89 /* AppModel.swift */,
			);
			path = App;
			sourceTree = "<group>";
		};
		2F8800C52D38D3C300220F89 /* Domain */ = {
			isa = PBXGroup;
			children = (
				2FB501D62D455771005FB0B6 /* Models */,
				2F8800C62D38D42000220F89 /* Entities */,
				2F8800C72D38D43300220F89 /* UseCases */,
				2F3672232D3E34EF0048D9AD /* Protocol */,
			);
			path = Domain;
			sourceTree = "<group>";
		};
		2F8800C62D38D42000220F89 /* Entities */ = {
			isa = PBXGroup;
			children = (
				2F3671E02D3D946C0048D9AD /* Memory.swift */,
				2F3671E82D3D9A470048D9AD /* Category.swift */,
				2F3671EA2D3D9A8C0048D9AD /* UserProfile.swift */,
				2F510CDF2D413489004171E8 /* Screen.swift */,
				2FE857FE2D434ABA0055902B /* PopupData.swift */,
			);
			path = Entities;
			sourceTree = "<group>";
		};
		2F8800C72D38D43300220F89 /* UseCases */ = {
			isa = PBXGroup;
			children = (
				2F3672042D3DA2FE0048D9AD /* FetchMemoriesUseCase.swift */,
				2F3672062D3DA3170048D9AD /* CreateMemoryUseCase.swift */,
				2F3672082D3DA32B0048D9AD /* DeleteMemoryUseCase.swift */,
				2F3672292D3E35670048D9AD /* SignInWithAppleUseCase.swift */,
				2F36722B2D3E35750048D9AD /* SignOutUseCase.swift */,
				2F36722D2D3E35830048D9AD /* DeleteAccountUseCase.swift */,
			);
			path = UseCases;
			sourceTree = "<group>";
		};
		2F8800C82D38D43F00220F89 /* Data */ = {
			isa = PBXGroup;
			children = (
				2F8800CE2D38D5EF00220F89 /* Network */,
				2F8800CB2D38D46800220F89 /* Persistence */,
				2F8800C92D38D44C00220F89 /* Repositories */,
			);
			path = Data;
			sourceTree = "<group>";
		};
		2F8800C92D38D44C00220F89 /* Repositories */ = {
			isa = PBXGroup;
			children = (
				2F3672022D3DA1F00048D9AD /* MemoryRepository.swift */,
				2F3672262D3E35310048D9AD /* AuthRepository.swift */,
				2F510CEB2D414971004171E8 /* MediaRepository.swift */,
			);
			path = Repositories;
			sourceTree = "<group>";
		};
		2F8800CB2D38D46800220F89 /* Persistence */ = {
			isa = PBXGroup;
			children = (
			);
			path = Persistence;
			sourceTree = "<group>";
		};
		2F8800CC2D38D47400220F89 /* Presentation */ = {
			isa = PBXGroup;
			children = (
				2F3671B52D3D74940048D9AD /* Views */,
				2F3671B42D3D74810048D9AD /* ViewModels */,
				2F8800D32D38D72C00220F89 /* Resources */,
			);
			path = Presentation;
			sourceTree = "<group>";
		};
		2F8800CD2D38D52600220F89 /* Configuration */ = {
			isa = PBXGroup;
			children = (
				2F8800B72D38CE6800220F89 /* Info.plist */,
				2F36720A2D3DA3F20048D9AD /* Config.swift */,
			);
			path = Configuration;
			sourceTree = "<group>";
		};
		2F8800CE2D38D5EF00220F89 /* Network */ = {
			isa = PBXGroup;
			children = (
			);
			path = Network;
			sourceTree = "<group>";
		};
		2F8800D32D38D72C00220F89 /* Resources */ = {
			isa = PBXGroup;
			children = (
			);
			path = Resources;
			sourceTree = "<group>";
		};
		2F8800D42D38D75D00220F89 /* Shared */ = {
			isa = PBXGroup;
			children = (
				2F3671AB2D3D61C70048D9AD /* VisionOSUtilities */,
				2F8800D52D38D76F00220F89 /* Utilities */,
				2F8800D62D38D77700220F89 /* Extensions */,
			);
			path = Shared;
			sourceTree = "<group>";
		};
		2F8800D52D38D76F00220F89 /* Utilities */ = {
			isa = PBXGroup;
			children = (
				2FE858022D437BF20055902B /* VisualEffectBlur.swift */,
			);
			path = Utilities;
			sourceTree = "<group>";
		};
		2F8800D62D38D77700220F89 /* Extensions */ = {
			isa = PBXGroup;
			children = (
				2F3671CC2D3D7A150048D9AD /* Logger.swift */,
				2F3671B22D3D6B660048D9AD /* Gradient+.swift */,
				2F3671B02D3D6A9E0048D9AD /* Color+.swift */,
				2FE858042D43D3980055902B /* TextField+.swift */,
			);
			path = Extensions;
			sourceTree = "<group>";
		};
		2FB501D62D455771005FB0B6 /* Models */ = {
			isa = PBXGroup;
			children = (
				2FB501D72D45577D005FB0B6 /* StarField.swift */,
				2FB501DF2D4655D9005FB0B6 /* ExploreUserCardItem.swift */,
			);
			path = Models;
			sourceTree = "<group>";
		};
		A21E476F2D38CD55002B60FA = {
			isa = PBXGroup;
			children = (
				2F8800B92D38CE6800220F89 /* Celestoria */,
				A21E47792D38CD55002B60FA /* Products */,
				A21E477B2D38CD55002B60FA /* Packages */,
			);
			sourceTree = "<group>";
		};
		A21E47792D38CD55002B60FA /* Products */ = {
			isa = PBXGroup;
			children = (
				A21E47782D38CD55002B60FA /* Celestoria.app */,
			);
			name = Products;
			sourceTree = "<group>";
		};
		A21E477B2D38CD55002B60FA /* Packages */ = {
			isa = PBXGroup;
			children = (
				A21E477C2D38CD55002B60FA /* RealityKitContent */,
			);
			path = Packages;
			sourceTree = "<group>";
		};
/* End PBXGroup section */

/* Begin PBXNativeTarget section */
		A21E47772D38CD55002B60FA /* Celestoria */ = {
			isa = PBXNativeTarget;
			buildConfigurationList = A21E47902D38CD57002B60FA /* Build configuration list for PBXNativeTarget "Celestoria" */;
			buildPhases = (
				A21E47742D38CD55002B60FA /* Sources */,
				A21E47752D38CD55002B60FA /* Frameworks */,
				A21E47762D38CD55002B60FA /* Resources */,
			);
			buildRules = (
			);
			dependencies = (
			);
			name = Celestoria;
			packageProductDependencies = (
				A21E477D2D38CD55002B60FA /* RealityKitContent */,
				2F3671F62D3DA1990048D9AD /* Auth */,
				2F3671F82D3DA1990048D9AD /* Functions */,
				2F3671FA2D3DA1990048D9AD /* PostgREST */,
				2F3671FC2D3DA1990048D9AD /* Realtime */,
				2F3671FE2D3DA1990048D9AD /* Storage */,
				2F3672002D3DA1990048D9AD /* Supabase */,
			);
			productName = Celestoria;
			productReference = A21E47782D38CD55002B60FA /* Celestoria.app */;
			productType = "com.apple.product-type.application";
		};
/* End PBXNativeTarget section */

/* Begin PBXProject section */
		A21E47702D38CD55002B60FA /* Project object */ = {
			isa = PBXProject;
			attributes = {
				BuildIndependentTargetsInParallel = 1;
				LastSwiftUpdateCheck = 1620;
				LastUpgradeCheck = 1620;
				TargetAttributes = {
					A21E47772D38CD55002B60FA = {
						CreatedOnToolsVersion = 16.2;
					};
				};
			};
			buildConfigurationList = A21E47732D38CD55002B60FA /* Build configuration list for PBXProject "Celestoria" */;
			developmentRegion = en;
			hasScannedForEncodings = 0;
			knownRegions = (
				en,
				Base,
			);
			mainGroup = A21E476F2D38CD55002B60FA;
			minimizedProjectReferenceProxies = 1;
			packageReferences = (
				2F3671F52D3DA1990048D9AD /* XCRemoteSwiftPackageReference "supabase-swift" */,
			);
			preferredProjectObjectVersion = 77;
			productRefGroup = A21E47792D38CD55002B60FA /* Products */;
			projectDirPath = "";
			projectRoot = "";
			targets = (
				A21E47772D38CD55002B60FA /* Celestoria */,
			);
		};
/* End PBXProject section */

/* Begin PBXResourcesBuildPhase section */
		A21E47762D38CD55002B60FA /* Resources */ = {
			isa = PBXResourcesBuildPhase;
			buildActionMask = 2147483647;
			files = (
				2F8800BF2D38CE6800220F89 /* Preview Assets.xcassets in Resources */,
				2F8800C02D38CE6800220F89 /* Assets.xcassets in Resources */,
				2F3671BF2D3D751E0048D9AD /* Neptune.usdz in Resources */,
				2F3671C02D3D751E0048D9AD /* Uranus.usdz in Resources */,
				2F3671C12D3D751E0048D9AD /* Mars.usdz in Resources */,
				2F3671C22D3D751E0048D9AD /* Venus.usdz in Resources */,
			);
			runOnlyForDeploymentPostprocessing = 0;
		};
/* End PBXResourcesBuildPhase section */

/* Begin PBXSourcesBuildPhase section */
		A21E47742D38CD55002B60FA /* Sources */ = {
			isa = PBXSourcesBuildPhase;
			buildActionMask = 2147483647;
			files = (
				2F36722C2D3E35750048D9AD /* SignOutUseCase.swift in Sources */,
				A2B8DB852D440536001B5663 /* SettingViewModel.swift in Sources */,
				2F3671E12D3D946C0048D9AD /* Memory.swift in Sources */,
				2F3671B12D3D6A9E0048D9AD /* Color+.swift in Sources */,
				2F510CEC2D414971004171E8 /* MediaRepository.swift in Sources */,
				A2B8DB782D42B409001B5663 /* CelestoriaVideoPlayerView.swift in Sources */,
				2F510CE02D413489004171E8 /* Screen.swift in Sources */,
				2F3672222D3E1E410048D9AD /* LoginViewModel.swift in Sources */,
				2FE858052D43D3980055902B /* TextField+.swift in Sources */,
				2F8800BA2D38CE6800220F89 /* AppModel.swift in Sources */,
				2F3671D72D3D7C730048D9AD /* MainTabButton.swift in Sources */,
				2F510CEE2D416532004171E8 /* CategoryButton.swift in Sources */,
				2F36721C2D3E1A030048D9AD /* ExploreView.swift in Sources */,
				2F8800BB2D38CE6800220F89 /* CelestoriaApp.swift in Sources */,
				2F3671D32D3D7BFC0048D9AD /* AddMemoryButton.swift in Sources */,
				A2B8DB412D42AEC7001B5663 /* MemoryDetailView.swift in Sources */,
				2FB501D82D45577D005FB0B6 /* StarField.swift in Sources */,
				2F3671C92D3D76ED0048D9AD /* SpaceCoordinator.swift in Sources */,
				2FE857F92D4344740055902B /* CircularButton.swift in Sources */,
				2F510CE62D4135D3004171E8 /* AddMemoryMainView.swift in Sources */,
				2F3672132D3DAAD00048D9AD /* MemoryStarEntity.swift in Sources */,
				2F3671CB2D3D78000048D9AD /* GradientBorderContainer.swift in Sources */,
				2FB501DC2D456280005FB0B6 /* MainButton.swift in Sources */,
				2F510CE82D413607004171E8 /* AddMemoryDoneView.swift in Sources */,
				2F3672072D3DA3170048D9AD /* CreateMemoryUseCase.swift in Sources */,
				2F3672252D3E35110048D9AD /* AuthRepositoryProtocol.swift in Sources */,
				2F36722A2D3E35670048D9AD /* SignInWithAppleUseCase.swift in Sources */,
				2F3672152D3DAAF20048D9AD /* SpaceBackgroundEntity.swift in Sources */,
				2F3671EB2D3D9A8C0048D9AD /* UserProfile.swift in Sources */,
				2F3672032D3DA1F00048D9AD /* MemoryRepository.swift in Sources */,
				2F3672112D3DAAA40048D9AD /* ConstellationSpaceEntity.swift in Sources */,
				2F3672272D3E35310048D9AD /* AuthRepository.swift in Sources */,
				2F3671E92D3D9A470048D9AD /* Category.swift in Sources */,
				2F3671B32D3D6B660048D9AD /* Gradient+.swift in Sources */,
				2F8800BC2D38CE6800220F89 /* ContentView.swift in Sources */,
				2F36721A2D3E19A30048D9AD /* GalaxyView.swift in Sources */,
				2FB501E02D4655D9005FB0B6 /* ExploreUserCardItem.swift in Sources */,
				2F3672322D3E650B0048D9AD /* HeaderView.swift in Sources */,
				2F3672172D3DAB120048D9AD /* SpaceEntity.swift in Sources */,
				2F3672052D3DA2FE0048D9AD /* FetchMemoriesUseCase.swift in Sources */,
				2F3671CD2D3D7A150048D9AD /* Logger.swift in Sources */,
				2F3672342D3E652C0048D9AD /* ErrorOvelayView.swift in Sources */,
				2F36722E2D3E35830048D9AD /* DeleteAccountUseCase.swift in Sources */,
				2F510CE22D4134EE004171E8 /* AddMemoryContentView.swift in Sources */,
				2F8800BD2D38CE6800220F89 /* SpaceImmersiveView.swift in Sources */,
				2F3672092D3DA32B0048D9AD /* DeleteMemoryUseCase.swift in Sources */,
				2F36720F2D3DAA6E0048D9AD /* ConstellationBackGroundEntity.swift in Sources */,
				2FE857F72D43425B0055902B /* PopupView.swift in Sources */,
				2FB501D32D454FA3005FB0B6 /* GalaxyViewModel.swift in Sources */,
				2F36720B2D3DA3F20048D9AD /* Config.swift in Sources */,
				2F8800C42D38D3AE00220F89 /* DIContainer.swift in Sources */,
				A2B8DB832D43FA0C001B5663 /* SettingView.swift in Sources */,
				2F510CEA2D41449A004171E8 /* AddMemoryMainViewModel.swift in Sources */,
				2F3671D52D3D7C3C0048D9AD /* ErrorBannerView.swift in Sources */,
				2F3672362D4111130048D9AD /* NavigationBar.swift in Sources */,
				2FB501D52D455130005FB0B6 /* NavigationMenuButton.swift in Sources */,
				2FE857FF2D434ABA0055902B /* PopupData.swift in Sources */,
				2F3671CF2D3D7A660048D9AD /* MainView.swift in Sources */,
				2FE858032D437BF20055902B /* VisualEffectBlur.swift in Sources */,
				2F3672202D3E1C2F0048D9AD /* LoginView.swift in Sources */,
				2F3671D12D3D7AF90048D9AD /* MainViewModel.swift in Sources */,
			);
			runOnlyForDeploymentPostprocessing = 0;
		};
/* End PBXSourcesBuildPhase section */

/* Begin XCBuildConfiguration section */
		A21E47912D38CD57002B60FA /* Debug */ = {
			isa = XCBuildConfiguration;
			buildSettings = {
				ASSETCATALOG_COMPILER_APPICON_NAME = AppIcon;
				ASSETCATALOG_COMPILER_GLOBAL_ACCENT_COLOR_NAME = AccentColor;
				CODE_SIGN_ENTITLEMENTS = Celestoria/Celestoria.entitlements;
				CODE_SIGN_IDENTITY = "Apple Development";
				"CODE_SIGN_IDENTITY[sdk=xros*]" = "iPhone Developer";
				CODE_SIGN_STYLE = Manual;
				CURRENT_PROJECT_VERSION = 1;
				DEVELOPMENT_ASSET_PATHS = "\"Celestoria/Preview Content\"";
				DEVELOPMENT_TEAM = "";
				"DEVELOPMENT_TEAM[sdk=xros*]" = B3CU8MA548;
				ENABLE_PREVIEWS = YES;
				GENERATE_INFOPLIST_FILE = YES;
				INFOPLIST_FILE = Celestoria/App/Configuration/Info.plist;
				LD_RUNPATH_SEARCH_PATHS = (
					"$(inherited)",
					"@executable_path/Frameworks",
				);
				MARKETING_VERSION = 1.0;
				PRODUCT_BUNDLE_IDENTIFIER = com.Celestoria.Celestoria;
				PRODUCT_NAME = "$(TARGET_NAME)";
				PROVISIONING_PROFILE_SPECIFIER = "";
				"PROVISIONING_PROFILE_SPECIFIER[sdk=xros*]" = Celestoria;
				SUPPORTED_PLATFORMS = "xros xrsimulator";
				SWIFT_EMIT_LOC_STRINGS = YES;
				SWIFT_VERSION = 5.0;
				TARGETED_DEVICE_FAMILY = 7;
			};
			name = Debug;
		};
		A21E47922D38CD57002B60FA /* Release */ = {
			isa = XCBuildConfiguration;
			buildSettings = {
				ASSETCATALOG_COMPILER_APPICON_NAME = AppIcon;
				ASSETCATALOG_COMPILER_GLOBAL_ACCENT_COLOR_NAME = AccentColor;
				CODE_SIGN_ENTITLEMENTS = Celestoria/Celestoria.entitlements;
				CODE_SIGN_IDENTITY = "Apple Development";
				"CODE_SIGN_IDENTITY[sdk=xros*]" = "iPhone Developer";
				CODE_SIGN_STYLE = Manual;
				CURRENT_PROJECT_VERSION = 1;
				DEVELOPMENT_ASSET_PATHS = "\"Celestoria/Preview Content\"";
				DEVELOPMENT_TEAM = "";
				"DEVELOPMENT_TEAM[sdk=xros*]" = B3CU8MA548;
				ENABLE_PREVIEWS = YES;
				GENERATE_INFOPLIST_FILE = YES;
				INFOPLIST_FILE = Celestoria/App/Configuration/Info.plist;
				LD_RUNPATH_SEARCH_PATHS = (
					"$(inherited)",
					"@executable_path/Frameworks",
				);
				MARKETING_VERSION = 1.0;
				PRODUCT_BUNDLE_IDENTIFIER = com.Celestoria.Celestoria;
				PRODUCT_NAME = "$(TARGET_NAME)";
				PROVISIONING_PROFILE_SPECIFIER = "";
				"PROVISIONING_PROFILE_SPECIFIER[sdk=xros*]" = Celestoria;
				SUPPORTED_PLATFORMS = "xros xrsimulator";
				SWIFT_EMIT_LOC_STRINGS = YES;
				SWIFT_VERSION = 5.0;
				TARGETED_DEVICE_FAMILY = 7;
			};
			name = Release;
		};
		A21E47932D38CD57002B60FA /* Debug */ = {
			isa = XCBuildConfiguration;
			buildSettings = {
				ALWAYS_SEARCH_USER_PATHS = NO;
				ASSETCATALOG_COMPILER_GENERATE_SWIFT_ASSET_SYMBOL_EXTENSIONS = YES;
				CLANG_ANALYZER_NONNULL = YES;
				CLANG_ANALYZER_NUMBER_OBJECT_CONVERSION = YES_AGGRESSIVE;
				CLANG_CXX_LANGUAGE_STANDARD = "gnu++20";
				CLANG_ENABLE_MODULES = YES;
				CLANG_ENABLE_OBJC_ARC = YES;
				CLANG_ENABLE_OBJC_WEAK = YES;
				CLANG_WARN_BLOCK_CAPTURE_AUTORELEASING = YES;
				CLANG_WARN_BOOL_CONVERSION = YES;
				CLANG_WARN_COMMA = YES;
				CLANG_WARN_CONSTANT_CONVERSION = YES;
				CLANG_WARN_DEPRECATED_OBJC_IMPLEMENTATIONS = YES;
				CLANG_WARN_DIRECT_OBJC_ISA_USAGE = YES_ERROR;
				CLANG_WARN_DOCUMENTATION_COMMENTS = YES;
				CLANG_WARN_EMPTY_BODY = YES;
				CLANG_WARN_ENUM_CONVERSION = YES;
				CLANG_WARN_INFINITE_RECURSION = YES;
				CLANG_WARN_INT_CONVERSION = YES;
				CLANG_WARN_NON_LITERAL_NULL_CONVERSION = YES;
				CLANG_WARN_OBJC_IMPLICIT_RETAIN_SELF = YES;
				CLANG_WARN_OBJC_LITERAL_CONVERSION = YES;
				CLANG_WARN_OBJC_ROOT_CLASS = YES_ERROR;
				CLANG_WARN_QUOTED_INCLUDE_IN_FRAMEWORK_HEADER = YES;
				CLANG_WARN_RANGE_LOOP_ANALYSIS = YES;
				CLANG_WARN_STRICT_PROTOTYPES = YES;
				CLANG_WARN_SUSPICIOUS_MOVE = YES;
				CLANG_WARN_UNGUARDED_AVAILABILITY = YES_AGGRESSIVE;
				CLANG_WARN_UNREACHABLE_CODE = YES;
				CLANG_WARN__DUPLICATE_METHOD_MATCH = YES;
				COPY_PHASE_STRIP = NO;
				DEBUG_INFORMATION_FORMAT = dwarf;
				ENABLE_STRICT_OBJC_MSGSEND = YES;
				ENABLE_TESTABILITY = YES;
				ENABLE_USER_SCRIPT_SANDBOXING = YES;
				GCC_C_LANGUAGE_STANDARD = gnu17;
				GCC_DYNAMIC_NO_PIC = NO;
				GCC_NO_COMMON_BLOCKS = YES;
				GCC_OPTIMIZATION_LEVEL = 0;
				GCC_PREPROCESSOR_DEFINITIONS = (
					"DEBUG=1",
					"$(inherited)",
				);
				GCC_WARN_64_TO_32_BIT_CONVERSION = YES;
				GCC_WARN_ABOUT_RETURN_TYPE = YES_ERROR;
				GCC_WARN_UNDECLARED_SELECTOR = YES;
				GCC_WARN_UNINITIALIZED_AUTOS = YES_AGGRESSIVE;
				GCC_WARN_UNUSED_FUNCTION = YES;
				GCC_WARN_UNUSED_VARIABLE = YES;
				LOCALIZATION_PREFERS_STRING_CATALOGS = YES;
				MTL_ENABLE_DEBUG_INFO = INCLUDE_SOURCE;
				MTL_FAST_MATH = YES;
				ONLY_ACTIVE_ARCH = YES;
				SDKROOT = xros;
				SWIFT_ACTIVE_COMPILATION_CONDITIONS = "DEBUG $(inherited)";
				SWIFT_OPTIMIZATION_LEVEL = "-Onone";
				XROS_DEPLOYMENT_TARGET = 2.2;
			};
			name = Debug;
		};
		A21E47942D38CD57002B60FA /* Release */ = {
			isa = XCBuildConfiguration;
			buildSettings = {
				ALWAYS_SEARCH_USER_PATHS = NO;
				ASSETCATALOG_COMPILER_GENERATE_SWIFT_ASSET_SYMBOL_EXTENSIONS = YES;
				CLANG_ANALYZER_NONNULL = YES;
				CLANG_ANALYZER_NUMBER_OBJECT_CONVERSION = YES_AGGRESSIVE;
				CLANG_CXX_LANGUAGE_STANDARD = "gnu++20";
				CLANG_ENABLE_MODULES = YES;
				CLANG_ENABLE_OBJC_ARC = YES;
				CLANG_ENABLE_OBJC_WEAK = YES;
				CLANG_WARN_BLOCK_CAPTURE_AUTORELEASING = YES;
				CLANG_WARN_BOOL_CONVERSION = YES;
				CLANG_WARN_COMMA = YES;
				CLANG_WARN_CONSTANT_CONVERSION = YES;
				CLANG_WARN_DEPRECATED_OBJC_IMPLEMENTATIONS = YES;
				CLANG_WARN_DIRECT_OBJC_ISA_USAGE = YES_ERROR;
				CLANG_WARN_DOCUMENTATION_COMMENTS = YES;
				CLANG_WARN_EMPTY_BODY = YES;
				CLANG_WARN_ENUM_CONVERSION = YES;
				CLANG_WARN_INFINITE_RECURSION = YES;
				CLANG_WARN_INT_CONVERSION = YES;
				CLANG_WARN_NON_LITERAL_NULL_CONVERSION = YES;
				CLANG_WARN_OBJC_IMPLICIT_RETAIN_SELF = YES;
				CLANG_WARN_OBJC_LITERAL_CONVERSION = YES;
				CLANG_WARN_OBJC_ROOT_CLASS = YES_ERROR;
				CLANG_WARN_QUOTED_INCLUDE_IN_FRAMEWORK_HEADER = YES;
				CLANG_WARN_RANGE_LOOP_ANALYSIS = YES;
				CLANG_WARN_STRICT_PROTOTYPES = YES;
				CLANG_WARN_SUSPICIOUS_MOVE = YES;
				CLANG_WARN_UNGUARDED_AVAILABILITY = YES_AGGRESSIVE;
				CLANG_WARN_UNREACHABLE_CODE = YES;
				CLANG_WARN__DUPLICATE_METHOD_MATCH = YES;
				COPY_PHASE_STRIP = NO;
				DEBUG_INFORMATION_FORMAT = "dwarf-with-dsym";
				ENABLE_NS_ASSERTIONS = NO;
				ENABLE_STRICT_OBJC_MSGSEND = YES;
				ENABLE_USER_SCRIPT_SANDBOXING = YES;
				GCC_C_LANGUAGE_STANDARD = gnu17;
				GCC_NO_COMMON_BLOCKS = YES;
				GCC_WARN_64_TO_32_BIT_CONVERSION = YES;
				GCC_WARN_ABOUT_RETURN_TYPE = YES_ERROR;
				GCC_WARN_UNDECLARED_SELECTOR = YES;
				GCC_WARN_UNINITIALIZED_AUTOS = YES_AGGRESSIVE;
				GCC_WARN_UNUSED_FUNCTION = YES;
				GCC_WARN_UNUSED_VARIABLE = YES;
				LOCALIZATION_PREFERS_STRING_CATALOGS = YES;
				MTL_ENABLE_DEBUG_INFO = NO;
				MTL_FAST_MATH = YES;
				SDKROOT = xros;
				SWIFT_COMPILATION_MODE = wholemodule;
				VALIDATE_PRODUCT = YES;
				XROS_DEPLOYMENT_TARGET = 2.2;
			};
			name = Release;
		};
/* End XCBuildConfiguration section */

/* Begin XCConfigurationList section */
		A21E47732D38CD55002B60FA /* Build configuration list for PBXProject "Celestoria" */ = {
			isa = XCConfigurationList;
			buildConfigurations = (
				A21E47932D38CD57002B60FA /* Debug */,
				A21E47942D38CD57002B60FA /* Release */,
			);
			defaultConfigurationIsVisible = 0;
			defaultConfigurationName = Release;
		};
		A21E47902D38CD57002B60FA /* Build configuration list for PBXNativeTarget "Celestoria" */ = {
			isa = XCConfigurationList;
			buildConfigurations = (
				A21E47912D38CD57002B60FA /* Debug */,
				A21E47922D38CD57002B60FA /* Release */,
			);
			defaultConfigurationIsVisible = 0;
			defaultConfigurationName = Release;
		};
/* End XCConfigurationList section */

/* Begin XCRemoteSwiftPackageReference section */
		2F3671F52D3DA1990048D9AD /* XCRemoteSwiftPackageReference "supabase-swift" */ = {
			isa = XCRemoteSwiftPackageReference;
			repositoryURL = "https://github.com/supabase/supabase-swift.git";
			requirement = {
				kind = upToNextMajorVersion;
				minimumVersion = 2.5.1;
			};
		};
/* End XCRemoteSwiftPackageReference section */

/* Begin XCSwiftPackageProductDependency section */
		2F3671F62D3DA1990048D9AD /* Auth */ = {
			isa = XCSwiftPackageProductDependency;
			package = 2F3671F52D3DA1990048D9AD /* XCRemoteSwiftPackageReference "supabase-swift" */;
			productName = Auth;
		};
		2F3671F82D3DA1990048D9AD /* Functions */ = {
			isa = XCSwiftPackageProductDependency;
			package = 2F3671F52D3DA1990048D9AD /* XCRemoteSwiftPackageReference "supabase-swift" */;
			productName = Functions;
		};
		2F3671FA2D3DA1990048D9AD /* PostgREST */ = {
			isa = XCSwiftPackageProductDependency;
			package = 2F3671F52D3DA1990048D9AD /* XCRemoteSwiftPackageReference "supabase-swift" */;
			productName = PostgREST;
		};
		2F3671FC2D3DA1990048D9AD /* Realtime */ = {
			isa = XCSwiftPackageProductDependency;
			package = 2F3671F52D3DA1990048D9AD /* XCRemoteSwiftPackageReference "supabase-swift" */;
			productName = Realtime;
		};
		2F3671FE2D3DA1990048D9AD /* Storage */ = {
			isa = XCSwiftPackageProductDependency;
			package = 2F3671F52D3DA1990048D9AD /* XCRemoteSwiftPackageReference "supabase-swift" */;
			productName = Storage;
		};
		2F3672002D3DA1990048D9AD /* Supabase */ = {
			isa = XCSwiftPackageProductDependency;
			package = 2F3671F52D3DA1990048D9AD /* XCRemoteSwiftPackageReference "supabase-swift" */;
			productName = Supabase;
		};
		A21E477D2D38CD55002B60FA /* RealityKitContent */ = {
			isa = XCSwiftPackageProductDependency;
			productName = RealityKitContent;
		};
/* End XCSwiftPackageProductDependency section */
	};
	rootObject = A21E47702D38CD55002B60FA /* Project object */;
}
