// !$*UTF8*$!
{
	archiveVersion = 1;
	classes = {
	};
	objectVersion = 77;
	objects = {

/* Begin PBXBuildFile section */
		2F8800BA2D38CE6800220F89 /* AppModel.swift in Sources */ = {isa = PBXBuildFile; fileRef = 2F8800B22D38CE6800220F89 /* AppModel.swift */; };
		2F8800BB2D38CE6800220F89 /* CelestoriaApp.swift in Sources */ = {isa = PBXBuildFile; fileRef = 2F8800B42D38CE6800220F89 /* CelestoriaApp.swift */; };
		2F8800BC2D38CE6800220F89 /* ContentView.swift in Sources */ = {isa = PBXBuildFile; fileRef = 2F8800B52D38CE6800220F89 /* ContentView.swift */; };
		2F8800BD2D38CE6800220F89 /* ImmersiveView.swift in Sources */ = {isa = PBXBuildFile; fileRef = 2F8800B62D38CE6800220F89 /* ImmersiveView.swift */; };
		2F8800BE2D38CE6800220F89 /* ToggleImmersiveSpaceButton.swift in Sources */ = {isa = PBXBuildFile; fileRef = 2F8800B82D38CE6800220F89 /* ToggleImmersiveSpaceButton.swift */; };
		2F8800BF2D38CE6800220F89 /* Preview Assets.xcassets in Resources */ = {isa = PBXBuildFile; fileRef = 2F8800B02D38CE6800220F89 /* Preview Assets.xcassets */; };
		2F8800C02D38CE6800220F89 /* Assets.xcassets in Resources */ = {isa = PBXBuildFile; fileRef = 2F8800B32D38CE6800220F89 /* Assets.xcassets */; };
		2F8800C42D38D3AE00220F89 /* DIContainer.swift in Sources */ = {isa = PBXBuildFile; fileRef = 2F8800C32D38D3AE00220F89 /* DIContainer.swift */; };
		A21E477E2D38CD55002B60FA /* RealityKitContent in Frameworks */ = {isa = PBXBuildFile; productRef = A21E477D2D38CD55002B60FA /* RealityKitContent */; };
/* End PBXBuildFile section */

/* Begin PBXFileReference section */
		2F8800B02D38CE6800220F89 /* Preview Assets.xcassets */ = {isa = PBXFileReference; lastKnownFileType = folder.assetcatalog; path = "Preview Assets.xcassets"; sourceTree = "<group>"; };
		2F8800B22D38CE6800220F89 /* AppModel.swift */ = {isa = PBXFileReference; lastKnownFileType = sourcecode.swift; path = AppModel.swift; sourceTree = "<group>"; };
		2F8800B32D38CE6800220F89 /* Assets.xcassets */ = {isa = PBXFileReference; lastKnownFileType = folder.assetcatalog; path = Assets.xcassets; sourceTree = "<group>"; };
		2F8800B42D38CE6800220F89 /* CelestoriaApp.swift */ = {isa = PBXFileReference; lastKnownFileType = sourcecode.swift; path = CelestoriaApp.swift; sourceTree = "<group>"; };
		2F8800B52D38CE6800220F89 /* ContentView.swift */ = {isa = PBXFileReference; lastKnownFileType = sourcecode.swift; path = ContentView.swift; sourceTree = "<group>"; };
		2F8800B62D38CE6800220F89 /* ImmersiveView.swift */ = {isa = PBXFileReference; lastKnownFileType = sourcecode.swift; path = ImmersiveView.swift; sourceTree = "<group>"; };
		2F8800B72D38CE6800220F89 /* Info.plist */ = {isa = PBXFileReference; lastKnownFileType = text.plist.xml; path = Info.plist; sourceTree = "<group>"; };
		2F8800B82D38CE6800220F89 /* ToggleImmersiveSpaceButton.swift */ = {isa = PBXFileReference; lastKnownFileType = sourcecode.swift; path = ToggleImmersiveSpaceButton.swift; sourceTree = "<group>"; };
		2F8800C32D38D3AE00220F89 /* DIContainer.swift */ = {isa = PBXFileReference; lastKnownFileType = sourcecode.swift; path = DIContainer.swift; sourceTree = "<group>"; };
		A21E47782D38CD55002B60FA /* Celestoria.app */ = {isa = PBXFileReference; explicitFileType = wrapper.application; includeInIndex = 0; path = Celestoria.app; sourceTree = BUILT_PRODUCTS_DIR; };
		A21E477C2D38CD55002B60FA /* RealityKitContent */ = {isa = PBXFileReference; lastKnownFileType = wrapper; path = RealityKitContent; sourceTree = "<group>"; };
/* End PBXFileReference section */

/* Begin PBXFrameworksBuildPhase section */
		A21E47752D38CD55002B60FA /* Frameworks */ = {
			isa = PBXFrameworksBuildPhase;
			buildActionMask = 2147483647;
			files = (
				A21E477E2D38CD55002B60FA /* RealityKitContent in Frameworks */,
			);
			runOnlyForDeploymentPostprocessing = 0;
		};
/* End PBXFrameworksBuildPhase section */

/* Begin PBXGroup section */
		2F78A5802D38D8BF00DF5899 /* ObjectsDetails */ = {
			isa = PBXGroup;
			children = (
			);
			path = ObjectsDetails;
			sourceTree = "<group>";
		};
		2F8800B12D38CE6800220F89 /* Preview Content */ = {
			isa = PBXGroup;
			children = (
				2F8800B02D38CE6800220F89 /* Preview Assets.xcassets */,
			);
			path = "Preview Content";
			sourceTree = "<group>";
		};
		2F8800B92D38CE6800220F89 /* Celestoria */ = {
			isa = PBXGroup;
			children = (
				2F8800C22D38D39C00220F89 /* App */,
				2F8800C82D38D43F00220F89 /* Data */,
				2F8800C52D38D3C300220F89 /* Domain */,
				2F8800CC2D38D47400220F89 /* Presentation */,
				2F8800D42D38D75D00220F89 /* Shared */,
				2F8800B12D38CE6800220F89 /* Preview Content */,
				2F8800B22D38CE6800220F89 /* AppModel.swift */,
				2F8800B32D38CE6800220F89 /* Assets.xcassets */,
			);
			path = Celestoria;
			sourceTree = "<group>";
		};
		2F8800C22D38D39C00220F89 /* App */ = {
			isa = PBXGroup;
			children = (
				2F8800CD2D38D52600220F89 /* Configuration */,
				2F8800B42D38CE6800220F89 /* CelestoriaApp.swift */,
				2F8800C32D38D3AE00220F89 /* DIContainer.swift */,
			);
			path = App;
			sourceTree = "<group>";
		};
		2F8800C52D38D3C300220F89 /* Domain */ = {
			isa = PBXGroup;
			children = (
				2F8800C72D38D43300220F89 /* UseCases */,
				2F8800C62D38D42000220F89 /* Entities */,
			);
			path = Domain;
			sourceTree = "<group>";
		};
		2F8800C62D38D42000220F89 /* Entities */ = {
			isa = PBXGroup;
			children = (
			);
			path = Entities;
			sourceTree = "<group>";
		};
		2F8800C72D38D43300220F89 /* UseCases */ = {
			isa = PBXGroup;
			children = (
			);
			path = UseCases;
			sourceTree = "<group>";
		};
		2F8800C82D38D43F00220F89 /* Data */ = {
			isa = PBXGroup;
			children = (
				2F8800CE2D38D5EF00220F89 /* Network */,
				2F8800CB2D38D46800220F89 /* Persistence */,
				2F8800C92D38D44C00220F89 /* Repositories */,
			);
			path = Data;
			sourceTree = "<group>";
		};
		2F8800C92D38D44C00220F89 /* Repositories */ = {
			isa = PBXGroup;
			children = (
				2F8800CF2D38D60400220F89 /* MockRepositories */,
			);
			path = Repositories;
			sourceTree = "<group>";
		};
		2F8800CB2D38D46800220F89 /* Persistence */ = {
			isa = PBXGroup;
			children = (
			);
			path = Persistence;
			sourceTree = "<group>";
		};
		2F8800CC2D38D47400220F89 /* Presentation */ = {
			isa = PBXGroup;
			children = (
				2F8800D02D38D6DB00220F89 /* Scenes */,
				2F8800D22D38D70900220F89 /* Components */,
				2F8800D32D38D72C00220F89 /* Resources */,
			);
			path = Presentation;
			sourceTree = "<group>";
		};
		2F8800CD2D38D52600220F89 /* Configuration */ = {
			isa = PBXGroup;
			children = (
				2F8800B72D38CE6800220F89 /* Info.plist */,
			);
			path = Configuration;
			sourceTree = "<group>";
		};
		2F8800CE2D38D5EF00220F89 /* Network */ = {
			isa = PBXGroup;
			children = (
			);
			path = Network;
			sourceTree = "<group>";
		};
		2F8800CF2D38D60400220F89 /* MockRepositories */ = {
			isa = PBXGroup;
			children = (
			);
			path = MockRepositories;
			sourceTree = "<group>";
		};
		2F8800D02D38D6DB00220F89 /* Scenes */ = {
			isa = PBXGroup;
			children = (
				2F78A5802D38D8BF00DF5899 /* ObjectsDetails */,
				2F8800D12D38D6F100220F89 /* Main */,
			);
			path = Scenes;
			sourceTree = "<group>";
		};
		2F8800D12D38D6F100220F89 /* Main */ = {
			isa = PBXGroup;
			children = (
				2F8800B52D38CE6800220F89 /* ContentView.swift */,
				2F8800B62D38CE6800220F89 /* ImmersiveView.swift */,
			);
			path = Main;
			sourceTree = "<group>";
		};
		2F8800D22D38D70900220F89 /* Components */ = {
			isa = PBXGroup;
			children = (
				2F8800B82D38CE6800220F89 /* ToggleImmersiveSpaceButton.swift */,
			);
			path = Components;
			sourceTree = "<group>";
		};
		2F8800D32D38D72C00220F89 /* Resources */ = {
			isa = PBXGroup;
			children = (
			);
			path = Resources;
			sourceTree = "<group>";
		};
		2F8800D42D38D75D00220F89 /* Shared */ = {
			isa = PBXGroup;
			children = (
				2F8800D52D38D76F00220F89 /* Utilities */,
				2F8800D62D38D77700220F89 /* Extensions */,
			);
			path = Shared;
			sourceTree = "<group>";
		};
		2F8800D52D38D76F00220F89 /* Utilities */ = {
			isa = PBXGroup;
			children = (
			);
			path = Utilities;
			sourceTree = "<group>";
		};
		2F8800D62D38D77700220F89 /* Extensions */ = {
			isa = PBXGroup;
			children = (
			);
			path = Extensions;
			sourceTree = "<group>";
		};
		A21E476F2D38CD55002B60FA = {
			isa = PBXGroup;
			children = (
				2F8800B92D38CE6800220F89 /* Celestoria */,
				A21E477B2D38CD55002B60FA /* Packages */,
				A21E47792D38CD55002B60FA /* Products */,
			);
			sourceTree = "<group>";
		};
		A21E47792D38CD55002B60FA /* Products */ = {
			isa = PBXGroup;
			children = (
				A21E47782D38CD55002B60FA /* Celestoria.app */,
			);
			name = Products;
			sourceTree = "<group>";
		};
		A21E477B2D38CD55002B60FA /* Packages */ = {
			isa = PBXGroup;
			children = (
				A21E477C2D38CD55002B60FA /* RealityKitContent */,
			);
			path = Packages;
			sourceTree = "<group>";
		};
/* End PBXGroup section */

/* Begin PBXNativeTarget section */
		A21E47772D38CD55002B60FA /* Celestoria */ = {
			isa = PBXNativeTarget;
			buildConfigurationList = A21E47902D38CD57002B60FA /* Build configuration list for PBXNativeTarget "Celestoria" */;
			buildPhases = (
				A21E47742D38CD55002B60FA /* Sources */,
				A21E47752D38CD55002B60FA /* Frameworks */,
				A21E47762D38CD55002B60FA /* Resources */,
			);
			buildRules = (
			);
			dependencies = (
			);
			name = Celestoria;
			packageProductDependencies = (
				A21E477D2D38CD55002B60FA /* RealityKitContent */,
			);
			productName = Celestoria;
			productReference = A21E47782D38CD55002B60FA /* Celestoria.app */;
			productType = "com.apple.product-type.application";
		};
/* End PBXNativeTarget section */

/* Begin PBXProject section */
		A21E47702D38CD55002B60FA /* Project object */ = {
			isa = PBXProject;
			attributes = {
				BuildIndependentTargetsInParallel = 1;
				LastSwiftUpdateCheck = 1620;
				LastUpgradeCheck = 1620;
				TargetAttributes = {
					A21E47772D38CD55002B60FA = {
						CreatedOnToolsVersion = 16.2;
					};
				};
			};
			buildConfigurationList = A21E47732D38CD55002B60FA /* Build configuration list for PBXProject "Celestoria" */;
			developmentRegion = en;
			hasScannedForEncodings = 0;
			knownRegions = (
				en,
				Base,
			);
			mainGroup = A21E476F2D38CD55002B60FA;
			minimizedProjectReferenceProxies = 1;
			preferredProjectObjectVersion = 77;
			productRefGroup = A21E47792D38CD55002B60FA /* Products */;
			projectDirPath = "";
			projectRoot = "";
			targets = (
				A21E47772D38CD55002B60FA /* Celestoria */,
			);
		};
/* End PBXProject section */

/* Begin PBXResourcesBuildPhase section */
		A21E47762D38CD55002B60FA /* Resources */ = {
			isa = PBXResourcesBuildPhase;
			buildActionMask = 2147483647;
			files = (
				2F8800BF2D38CE6800220F89 /* Preview Assets.xcassets in Resources */,
				2F8800C02D38CE6800220F89 /* Assets.xcassets in Resources */,
			);
			runOnlyForDeploymentPostprocessing = 0;
		};
/* End PBXResourcesBuildPhase section */

/* Begin PBXSourcesBuildPhase section */
		A21E47742D38CD55002B60FA /* Sources */ = {
			isa = PBXSourcesBuildPhase;
			buildActionMask = 2147483647;
			files = (
				2F8800BA2D38CE6800220F89 /* AppModel.swift in Sources */,
				2F8800BB2D38CE6800220F89 /* CelestoriaApp.swift in Sources */,
				2F8800BC2D38CE6800220F89 /* ContentView.swift in Sources */,
				2F8800BD2D38CE6800220F89 /* ImmersiveView.swift in Sources */,
				2F8800C42D38D3AE00220F89 /* DIContainer.swift in Sources */,
				2F8800BE2D38CE6800220F89 /* ToggleImmersiveSpaceButton.swift in Sources */,
			);
			runOnlyForDeploymentPostprocessing = 0;
		};
/* End PBXSourcesBuildPhase section */

/* Begin XCBuildConfiguration section */
		A21E47912D38CD57002B60FA /* Debug */ = {
			isa = XCBuildConfiguration;
			buildSettings = {
				ASSETCATALOG_COMPILER_APPICON_NAME = AppIcon;
				ASSETCATALOG_COMPILER_GLOBAL_ACCENT_COLOR_NAME = AccentColor;
				CODE_SIGN_STYLE = Automatic;
				CURRENT_PROJECT_VERSION = 1;
				DEVELOPMENT_ASSET_PATHS = "\"Celestoria/Preview Content\"";
				DEVELOPMENT_TEAM = B3CU8MA548;
				ENABLE_PREVIEWS = YES;
				GENERATE_INFOPLIST_FILE = YES;
				INFOPLIST_FILE = Celestoria/App/Configuration/Info.plist;
				LD_RUNPATH_SEARCH_PATHS = (
					"$(inherited)",
					"@executable_path/Frameworks",
				);
				MARKETING_VERSION = 1.0;
				PRODUCT_BUNDLE_IDENTIFIER = com.Celestoria.Celestoria;
				PRODUCT_NAME = "$(TARGET_NAME)";
				SUPPORTED_PLATFORMS = "xros xrsimulator";
				SWIFT_EMIT_LOC_STRINGS = YES;
				SWIFT_VERSION = 5.0;
				TARGETED_DEVICE_FAMILY = 7;
			};
			name = Debug;
		};
		A21E47922D38CD57002B60FA /* Release */ = {
			isa = XCBuildConfiguration;
			buildSettings = {
				ASSETCATALOG_COMPILER_APPICON_NAME = AppIcon;
				ASSETCATALOG_COMPILER_GLOBAL_ACCENT_COLOR_NAME = AccentColor;
				CODE_SIGN_STYLE = Automatic;
				CURRENT_PROJECT_VERSION = 1;
				DEVELOPMENT_ASSET_PATHS = "\"Celestoria/Preview Content\"";
				DEVELOPMENT_TEAM = B3CU8MA548;
				ENABLE_PREVIEWS = YES;
				GENERATE_INFOPLIST_FILE = YES;
				INFOPLIST_FILE = Celestoria/App/Configuration/Info.plist;
				LD_RUNPATH_SEARCH_PATHS = (
					"$(inherited)",
					"@executable_path/Frameworks",
				);
				MARKETING_VERSION = 1.0;
				PRODUCT_BUNDLE_IDENTIFIER = com.Celestoria.Celestoria;
				PRODUCT_NAME = "$(TARGET_NAME)";
				SUPPORTED_PLATFORMS = "xros xrsimulator";
				SWIFT_EMIT_LOC_STRINGS = YES;
				SWIFT_VERSION = 5.0;
				TARGETED_DEVICE_FAMILY = 7;
			};
			name = Release;
		};
		A21E47932D38CD57002B60FA /* Debug */ = {
			isa = XCBuildConfiguration;
			buildSettings = {
				ALWAYS_SEARCH_USER_PATHS = NO;
				ASSETCATALOG_COMPILER_GENERATE_SWIFT_ASSET_SYMBOL_EXTENSIONS = YES;
				CLANG_ANALYZER_NONNULL = YES;
				CLANG_ANALYZER_NUMBER_OBJECT_CONVERSION = YES_AGGRESSIVE;
				CLANG_CXX_LANGUAGE_STANDARD = "gnu++20";
				CLANG_ENABLE_MODULES = YES;
				CLANG_ENABLE_OBJC_ARC = YES;
				CLANG_ENABLE_OBJC_WEAK = YES;
				CLANG_WARN_BLOCK_CAPTURE_AUTORELEASING = YES;
				CLANG_WARN_BOOL_CONVERSION = YES;
				CLANG_WARN_COMMA = YES;
				CLANG_WARN_CONSTANT_CONVERSION = YES;
				CLANG_WARN_DEPRECATED_OBJC_IMPLEMENTATIONS = YES;
				CLANG_WARN_DIRECT_OBJC_ISA_USAGE = YES_ERROR;
				CLANG_WARN_DOCUMENTATION_COMMENTS = YES;
				CLANG_WARN_EMPTY_BODY = YES;
				CLANG_WARN_ENUM_CONVERSION = YES;
				CLANG_WARN_INFINITE_RECURSION = YES;
				CLANG_WARN_INT_CONVERSION = YES;
				CLANG_WARN_NON_LITERAL_NULL_CONVERSION = YES;
				CLANG_WARN_OBJC_IMPLICIT_RETAIN_SELF = YES;
				CLANG_WARN_OBJC_LITERAL_CONVERSION = YES;
				CLANG_WARN_OBJC_ROOT_CLASS = YES_ERROR;
				CLANG_WARN_QUOTED_INCLUDE_IN_FRAMEWORK_HEADER = YES;
				CLANG_WARN_RANGE_LOOP_ANALYSIS = YES;
				CLANG_WARN_STRICT_PROTOTYPES = YES;
				CLANG_WARN_SUSPICIOUS_MOVE = YES;
				CLANG_WARN_UNGUARDED_AVAILABILITY = YES_AGGRESSIVE;
				CLANG_WARN_UNREACHABLE_CODE = YES;
				CLANG_WARN__DUPLICATE_METHOD_MATCH = YES;
				COPY_PHASE_STRIP = NO;
				DEBUG_INFORMATION_FORMAT = dwarf;
				ENABLE_STRICT_OBJC_MSGSEND = YES;
				ENABLE_TESTABILITY = YES;
				ENABLE_USER_SCRIPT_SANDBOXING = YES;
				GCC_C_LANGUAGE_STANDARD = gnu17;
				GCC_DYNAMIC_NO_PIC = NO;
				GCC_NO_COMMON_BLOCKS = YES;
				GCC_OPTIMIZATION_LEVEL = 0;
				GCC_PREPROCESSOR_DEFINITIONS = (
					"DEBUG=1",
					"$(inherited)",
				);
				GCC_WARN_64_TO_32_BIT_CONVERSION = YES;
				GCC_WARN_ABOUT_RETURN_TYPE = YES_ERROR;
				GCC_WARN_UNDECLARED_SELECTOR = YES;
				GCC_WARN_UNINITIALIZED_AUTOS = YES_AGGRESSIVE;
				GCC_WARN_UNUSED_FUNCTION = YES;
				GCC_WARN_UNUSED_VARIABLE = YES;
				LOCALIZATION_PREFERS_STRING_CATALOGS = YES;
				MTL_ENABLE_DEBUG_INFO = INCLUDE_SOURCE;
				MTL_FAST_MATH = YES;
				ONLY_ACTIVE_ARCH = YES;
				SDKROOT = xros;
				SWIFT_ACTIVE_COMPILATION_CONDITIONS = "DEBUG $(inherited)";
				SWIFT_OPTIMIZATION_LEVEL = "-Onone";
				XROS_DEPLOYMENT_TARGET = 2.2;
			};
			name = Debug;
		};
		A21E47942D38CD57002B60FA /* Release */ = {
			isa = XCBuildConfiguration;
			buildSettings = {
				ALWAYS_SEARCH_USER_PATHS = NO;
				ASSETCATALOG_COMPILER_GENERATE_SWIFT_ASSET_SYMBOL_EXTENSIONS = YES;
				CLANG_ANALYZER_NONNULL = YES;
				CLANG_ANALYZER_NUMBER_OBJECT_CONVERSION = YES_AGGRESSIVE;
				CLANG_CXX_LANGUAGE_STANDARD = "gnu++20";
				CLANG_ENABLE_MODULES = YES;
				CLANG_ENABLE_OBJC_ARC = YES;
				CLANG_ENABLE_OBJC_WEAK = YES;
				CLANG_WARN_BLOCK_CAPTURE_AUTORELEASING = YES;
				CLANG_WARN_BOOL_CONVERSION = YES;
				CLANG_WARN_COMMA = YES;
				CLANG_WARN_CONSTANT_CONVERSION = YES;
				CLANG_WARN_DEPRECATED_OBJC_IMPLEMENTATIONS = YES;
				CLANG_WARN_DIRECT_OBJC_ISA_USAGE = YES_ERROR;
				CLANG_WARN_DOCUMENTATION_COMMENTS = YES;
				CLANG_WARN_EMPTY_BODY = YES;
				CLANG_WARN_ENUM_CONVERSION = YES;
				CLANG_WARN_INFINITE_RECURSION = YES;
				CLANG_WARN_INT_CONVERSION = YES;
				CLANG_WARN_NON_LITERAL_NULL_CONVERSION = YES;
				CLANG_WARN_OBJC_IMPLICIT_RETAIN_SELF = YES;
				CLANG_WARN_OBJC_LITERAL_CONVERSION = YES;
				CLANG_WARN_OBJC_ROOT_CLASS = YES_ERROR;
				CLANG_WARN_QUOTED_INCLUDE_IN_FRAMEWORK_HEADER = YES;
				CLANG_WARN_RANGE_LOOP_ANALYSIS = YES;
				CLANG_WARN_STRICT_PROTOTYPES = YES;
				CLANG_WARN_SUSPICIOUS_MOVE = YES;
				CLANG_WARN_UNGUARDED_AVAILABILITY = YES_AGGRESSIVE;
				CLANG_WARN_UNREACHABLE_CODE = YES;
				CLANG_WARN__DUPLICATE_METHOD_MATCH = YES;
				COPY_PHASE_STRIP = NO;
				DEBUG_INFORMATION_FORMAT = "dwarf-with-dsym";
				ENABLE_NS_ASSERTIONS = NO;
				ENABLE_STRICT_OBJC_MSGSEND = YES;
				ENABLE_USER_SCRIPT_SANDBOXING = YES;
				GCC_C_LANGUAGE_STANDARD = gnu17;
				GCC_NO_COMMON_BLOCKS = YES;
				GCC_WARN_64_TO_32_BIT_CONVERSION = YES;
				GCC_WARN_ABOUT_RETURN_TYPE = YES_ERROR;
				GCC_WARN_UNDECLARED_SELECTOR = YES;
				GCC_WARN_UNINITIALIZED_AUTOS = YES_AGGRESSIVE;
				GCC_WARN_UNUSED_FUNCTION = YES;
				GCC_WARN_UNUSED_VARIABLE = YES;
				LOCALIZATION_PREFERS_STRING_CATALOGS = YES;
				MTL_ENABLE_DEBUG_INFO = NO;
				MTL_FAST_MATH = YES;
				SDKROOT = xros;
				SWIFT_COMPILATION_MODE = wholemodule;
				VALIDATE_PRODUCT = YES;
				XROS_DEPLOYMENT_TARGET = 2.2;
			};
			name = Release;
		};
/* End XCBuildConfiguration section */

/* Begin XCConfigurationList section */
		A21E47732D38CD55002B60FA /* Build configuration list for PBXProject "Celestoria" */ = {
			isa = XCConfigurationList;
			buildConfigurations = (
				A21E47932D38CD57002B60FA /* Debug */,
				A21E47942D38CD57002B60FA /* Release */,
			);
			defaultConfigurationIsVisible = 0;
			defaultConfigurationName = Release;
		};
		A21E47902D38CD57002B60FA /* Build configuration list for PBXNativeTarget "Celestoria" */ = {
			isa = XCConfigurationList;
			buildConfigurations = (
				A21E47912D38CD57002B60FA /* Debug */,
				A21E47922D38CD57002B60FA /* Release */,
			);
			defaultConfigurationIsVisible = 0;
			defaultConfigurationName = Release;
		};
/* End XCConfigurationList section */

/* Begin XCSwiftPackageProductDependency section */
		A21E477D2D38CD55002B60FA /* RealityKitContent */ = {
			isa = XCSwiftPackageProductDependency;
			productName = RealityKitContent;
		};
/* End XCSwiftPackageProductDependency section */
	};
	rootObject = A21E47702D38CD55002B60FA /* Project object */;
}
